
Microsoft Visual Studio Solution File, Format Version 12.00
# Visual Studio 15
VisualStudioVersion = 15.0.27428.2037
MinimumVisualStudioVersion = 10.0.40219.1
Project("{9A19103F-16F7-4668-BE54-9A1E7A4F7556}") = "IoC_InversionOfControl", "IoC_InversionOfControl\IoC_InversionOfControl.csproj", "{016630FB-B0DE-46CA-B743-6D05A3AD7FB9}"
EndProject
Project("{9A19103F-16F7-4668-BE54-9A1E7A4F7556}") = "IoC_Container", "IoC_Container\IoC_Container.csproj", "{475B3C25-826A-4A8C-B1D7-4244B12BCEC8}"
EndProject
Project("{9A19103F-16F7-4668-BE54-9A1E7A4F7556}") = "UsingAutoMapper", "AutoMapper\UsingAutoMapper.csproj", "{F7E44258-ADC8-4EC3-BC08-E95514D330BF}"
EndProject
Project("{FAE04EC0-301F-11D3-BF4B-00C04F79EFBC}") = "UsingGenerics", "UsingGenerics\UsingGenerics.csproj", "{3A0A7377-80F5-4FD9-9293-049F3AFB12A3}"
EndProject
Project("{FAE04EC0-301F-11D3-BF4B-00C04F79EFBC}") = "Multiplatform_NetCoreApp", "Multiplatform_NetCoreApp\Multiplatform_NetCoreApp.csproj", "{6B147ECD-BB7F-4A7A-AC54-D42D3A6D5049}"
EndProject
Global
	GlobalSection(SolutionConfigurationPlatforms) = preSolution
		Debug|Any CPU = Debug|Any CPU
		Release|Any CPU = Release|Any CPU
	EndGlobalSection
	GlobalSection(ProjectConfigurationPlatforms) = postSolution
		{016630FB-B0DE-46CA-B743-6D05A3AD7FB9}.Debug|Any CPU.ActiveCfg = Debug|Any CPU
		{016630FB-B0DE-46CA-B743-6D05A3AD7FB9}.Debug|Any CPU.Build.0 = Debug|Any CPU
		{016630FB-B0DE-46CA-B743-6D05A3AD7FB9}.Release|Any CPU.ActiveCfg = Release|Any CPU
		{016630FB-B0DE-46CA-B743-6D05A3AD7FB9}.Release|Any CPU.Build.0 = Release|Any CPU
		{475B3C25-826A-4A8C-B1D7-4244B12BCEC8}.Debug|Any CPU.ActiveCfg = Debug|Any CPU
		{475B3C25-826A-4A8C-B1D7-4244B12BCEC8}.Debug|Any CPU.Build.0 = Debug|Any CPU
		{475B3C25-826A-4A8C-B1D7-4244B12BCEC8}.Release|Any CPU.ActiveCfg = Release|Any CPU
		{475B3C25-826A-4A8C-B1D7-4244B12BCEC8}.Release|Any CPU.Build.0 = Release|Any CPU
		{F7E44258-ADC8-4EC3-BC08-E95514D330BF}.Debug|Any CPU.ActiveCfg = Debug|Any CPU
		{F7E44258-ADC8-4EC3-BC08-E95514D330BF}.Debug|Any CPU.Build.0 = Debug|Any CPU
		{F7E44258-ADC8-4EC3-BC08-E95514D330BF}.Release|Any CPU.ActiveCfg = Release|Any CPU
		{F7E44258-ADC8-4EC3-BC08-E95514D330BF}.Release|Any CPU.Build.0 = Release|Any CPU
		{3A0A7377-80F5-4FD9-9293-049F3AFB12A3}.Debug|Any CPU.ActiveCfg = Debug|Any CPU
		{3A0A7377-80F5-4FD9-9293-049F3AFB12A3}.Debug|Any CPU.Build.0 = Debug|Any CPU
		{3A0A7377-80F5-4FD9-9293-049F3AFB12A3}.Release|Any CPU.ActiveCfg = Release|Any CPU
		{3A0A7377-80F5-4FD9-9293-049F3AFB12A3}.Release|Any CPU.Build.0 = Release|Any CPU
		{6B147ECD-BB7F-4A7A-AC54-D42D3A6D5049}.Debug|Any CPU.ActiveCfg = Debug|Any CPU
		{6B147ECD-BB7F-4A7A-AC54-D42D3A6D5049}.Debug|Any CPU.Build.0 = Debug|Any CPU
		{6B147ECD-BB7F-4A7A-AC54-D42D3A6D5049}.Release|Any CPU.ActiveCfg = Release|Any CPU
		{6B147ECD-BB7F-4A7A-AC54-D42D3A6D5049}.Release|Any CPU.Build.0 = Release|Any CPU
	EndGlobalSection
	GlobalSection(SolutionProperties) = preSolution
		HideSolutionNode = FALSE
	EndGlobalSection
	GlobalSection(ExtensibilityGlobals) = postSolution
		SolutionGuid = {0CF0998E-EF96-42F9-85D6-774319867372}
	EndGlobalSection
EndGlobal
